// !$*UTF8*$!
{
	archiveVersion = 1;
	classes = {
	};
	objectVersion = 48;
	objects = {

/* Begin PBXBuildFile section */
		C6A0E9BE20891F4F00C5ACF0 /* test.cpp in Sources */ = {isa = PBXBuildFile; fileRef = C6A0E9BD20891F4F00C5ACF0 /* test.cpp */; };
		C6E8A0E520885F970095DFF3 /* main.cpp in Sources */ = {isa = PBXBuildFile; fileRef = C6E8A0E420885F970095DFF3 /* main.cpp */; };
		C6E8A0ED2088600B0095DFF3 /* OpenGL.framework in Frameworks */ = {isa = PBXBuildFile; fileRef = C6E8A0EC2088600B0095DFF3 /* OpenGL.framework */; };
		C6E8A0EF208860280095DFF3 /* libGLEW.2.1.0.dylib in Frameworks */ = {isa = PBXBuildFile; fileRef = C6E8A0EE208860280095DFF3 /* libGLEW.2.1.0.dylib */; };
		C6E8A0F1208860330095DFF3 /* libglfw.3.2.dylib in Frameworks */ = {isa = PBXBuildFile; fileRef = C6E8A0F0208860330095DFF3 /* libglfw.3.2.dylib */; };
		C6E8A10720886E3C0095DFF3 /* IOKit.framework in Frameworks */ = {isa = PBXBuildFile; fileRef = C6E8A10620886E3C0095DFF3 /* IOKit.framework */; };
		C6E8A10920886E450095DFF3 /* GLUT.framework in Frameworks */ = {isa = PBXBuildFile; fileRef = C6E8A10820886E450095DFF3 /* GLUT.framework */; };
		C6E8A10B20886E500095DFF3 /* GLKit.framework in Frameworks */ = {isa = PBXBuildFile; fileRef = C6E8A10A20886E500095DFF3 /* GLKit.framework */; };
		C6E8A1152088729E0095DFF3 /* initShader.cpp in Sources */ = {isa = PBXBuildFile; fileRef = C6E8A1142088729E0095DFF3 /* initShader.cpp */; };
/* End PBXBuildFile section */

/* Begin PBXCopyFilesBuildPhase section */
		C6E8A0DF20885F970095DFF3 /* CopyFiles */ = {
			isa = PBXCopyFilesBuildPhase;
			buildActionMask = 2147483647;
			dstPath = /usr/share/man/man1/;
			dstSubfolderSpec = 0;
			files = (
			);
			runOnlyForDeploymentPostprocessing = 1;
		};
/* End PBXCopyFilesBuildPhase section */

/* Begin PBXFileReference section */
		C6A0E9BD20891F4F00C5ACF0 /* test.cpp */ = {isa = PBXFileReference; lastKnownFileType = sourcecode.cpp.cpp; path = test.cpp; sourceTree = "<group>"; };
		C6E8A0E120885F970095DFF3 /* 3B2 */ = {isa = PBXFileReference; explicitFileType = "compiled.mach-o.executable"; includeInIndex = 0; path = 3B2; sourceTree = BUILT_PRODUCTS_DIR; };
		C6E8A0E420885F970095DFF3 /* main.cpp */ = {isa = PBXFileReference; lastKnownFileType = sourcecode.cpp.cpp; path = main.cpp; sourceTree = "<group>"; };
		C6E8A0EC2088600B0095DFF3 /* OpenGL.framework */ = {isa = PBXFileReference; lastKnownFileType = wrapper.framework; name = OpenGL.framework; path = System/Library/Frameworks/OpenGL.framework; sourceTree = SDKROOT; };
		C6E8A0EE208860280095DFF3 /* libGLEW.2.1.0.dylib */ = {isa = PBXFileReference; lastKnownFileType = "compiled.mach-o.dylib"; name = libGLEW.2.1.0.dylib; path = ../../../../../../../usr/local/Cellar/glew/2.1.0/lib/libGLEW.2.1.0.dylib; sourceTree = "<group>"; };
		C6E8A0F0208860330095DFF3 /* libglfw.3.2.dylib */ = {isa = PBXFileReference; lastKnownFileType = "compiled.mach-o.dylib"; name = libglfw.3.2.dylib; path = ../../../../../../../usr/local/Cellar/glfw/3.2.1/lib/libglfw.3.2.dylib; sourceTree = "<group>"; };
		C6E8A0F2208861990095DFF3 /* stb_image.h */ = {isa = PBXFileReference; fileEncoding = 4; lastKnownFileType = sourcecode.c.h; path = stb_image.h; sourceTree = "<group>"; };
		C6E8A0F3208861990095DFF3 /* test_fs.glsl */ = {isa = PBXFileReference; fileEncoding = 4; lastKnownFileType = text; path = test_fs.glsl; sourceTree = "<group>"; };
		C6E8A0F4208861990095DFF3 /* test_vs.glsl */ = {isa = PBXFileReference; fileEncoding = 4; lastKnownFileType = text; path = test_vs.glsl; sourceTree = "<group>"; };
		C6E8A0F5208861990095DFF3 /* InitShader.h */ = {isa = PBXFileReference; fileEncoding = 4; lastKnownFileType = sourcecode.c.h; path = InitShader.h; sourceTree = "<group>"; };
		C6E8A0F6208861AD0095DFF3 /* teapot.obj */ = {isa = PBXFileReference; fileEncoding = 4; lastKnownFileType = text; path = teapot.obj; sourceTree = SOURCE_ROOT; };
		C6E8A0F7208861AD0095DFF3 /* cube.obj */ = {isa = PBXFileReference; fileEncoding = 4; lastKnownFileType = text; path = cube.obj; sourceTree = SOURCE_ROOT; };
		C6E8A0F9208861AE0095DFF3 /* checker_256x256.PNG */ = {isa = PBXFileReference; lastKnownFileType = image.png; path = checker_256x256.PNG; sourceTree = SOURCE_ROOT; };
		C6E8A0FA208861AE0095DFF3 /* mandrill_256x256.PNG */ = {isa = PBXFileReference; lastKnownFileType = image.png; path = mandrill_256x256.PNG; sourceTree = SOURCE_ROOT; };
		C6E8A0FB208861F90095DFF3 /* cube.obj */ = {isa = PBXFileReference; fileEncoding = 4; lastKnownFileType = text; name = cube.obj; path = ../../Assign3B/cube.obj; sourceTree = "<group>"; };
		C6E8A0FC208861F90095DFF3 /* checker_256x256.PNG */ = {isa = PBXFileReference; lastKnownFileType = image.png; name = checker_256x256.PNG; path = ../../Assign3B/checker_256x256.PNG; sourceTree = "<group>"; };
		C6E8A0FD208861FA0095DFF3 /* teapot.obj */ = {isa = PBXFileReference; fileEncoding = 4; lastKnownFileType = text; name = teapot.obj; path = ../../Assign3B/teapot.obj; sourceTree = "<group>"; };
		C6E8A0FE208861FA0095DFF3 /* pig.obj */ = {isa = PBXFileReference; fileEncoding = 4; lastKnownFileType = text; name = pig.obj; path = ../../Assign3B/pig.obj; sourceTree = "<group>"; };
		C6E8A0FF208861FA0095DFF3 /* mandrill_256x256.PNG */ = {isa = PBXFileReference; lastKnownFileType = image.png; name = mandrill_256x256.PNG; path = ../../Assign3B/mandrill_256x256.PNG; sourceTree = "<group>"; };
		C6E8A10620886E3C0095DFF3 /* IOKit.framework */ = {isa = PBXFileReference; lastKnownFileType = wrapper.framework; name = IOKit.framework; path = System/Library/Frameworks/IOKit.framework; sourceTree = SDKROOT; };
		C6E8A10820886E450095DFF3 /* GLUT.framework */ = {isa = PBXFileReference; lastKnownFileType = wrapper.framework; name = GLUT.framework; path = System/Library/Frameworks/GLUT.framework; sourceTree = SDKROOT; };
		C6E8A10A20886E500095DFF3 /* GLKit.framework */ = {isa = PBXFileReference; lastKnownFileType = wrapper.framework; name = GLKit.framework; path = System/Library/Frameworks/GLKit.framework; sourceTree = SDKROOT; };
		C6E8A1142088729E0095DFF3 /* initShader.cpp */ = {isa = PBXFileReference; lastKnownFileType = sourcecode.cpp.cpp; path = initShader.cpp; sourceTree = "<group>"; };
/* End PBXFileReference section */

/* Begin PBXFrameworksBuildPhase section */
		C6E8A0DE20885F970095DFF3 /* Frameworks */ = {
			isa = PBXFrameworksBuildPhase;
			buildActionMask = 2147483647;
			files = (
				C6E8A10B20886E500095DFF3 /* GLKit.framework in Frameworks */,
				C6E8A10920886E450095DFF3 /* GLUT.framework in Frameworks */,
				C6E8A10720886E3C0095DFF3 /* IOKit.framework in Frameworks */,
				C6E8A0F1208860330095DFF3 /* libglfw.3.2.dylib in Frameworks */,
				C6E8A0EF208860280095DFF3 /* libGLEW.2.1.0.dylib in Frameworks */,
				C6E8A0ED2088600B0095DFF3 /* OpenGL.framework in Frameworks */,
			);
			runOnlyForDeploymentPostprocessing = 0;
		};
/* End PBXFrameworksBuildPhase section */

/* Begin PBXGroup section */
		C6E8A0D820885F970095DFF3 = {
			isa = PBXGroup;
			children = (
				C6E8A0E320885F970095DFF3 /* 3B2 */,
				C6E8A0E220885F970095DFF3 /* Products */,
				C6E8A0EB2088600B0095DFF3 /* Frameworks */,
			);
			sourceTree = "<group>";
		};
		C6E8A0E220885F970095DFF3 /* Products */ = {
			isa = PBXGroup;
			children = (
				C6E8A0E120885F970095DFF3 /* 3B2 */,
			);
			name = Products;
			sourceTree = "<group>";
		};
		C6E8A0E320885F970095DFF3 /* 3B2 */ = {
			isa = PBXGroup;
			children = (
				C6E8A0E420885F970095DFF3 /* main.cpp */,
				C6E8A0F9208861AE0095DFF3 /* checker_256x256.PNG */,
				C6E8A0FC208861F90095DFF3 /* checker_256x256.PNG */,
				C6E8A0F7208861AD0095DFF3 /* cube.obj */,
				C6E8A0FA208861AE0095DFF3 /* mandrill_256x256.PNG */,
				C6E8A0FF208861FA0095DFF3 /* mandrill_256x256.PNG */,
				C6E8A0FE208861FA0095DFF3 /* pig.obj */,
				C6E8A0F6208861AD0095DFF3 /* teapot.obj */,
				C6E8A0FB208861F90095DFF3 /* cube.obj */,
				C6E8A0FD208861FA0095DFF3 /* teapot.obj */,
				C6E8A0F5208861990095DFF3 /* InitShader.h */,
				C6E8A1142088729E0095DFF3 /* initShader.cpp */,
				C6E8A0F2208861990095DFF3 /* stb_image.h */,
				C6E8A0F3208861990095DFF3 /* test_fs.glsl */,
				C6E8A0F4208861990095DFF3 /* test_vs.glsl */,
				C6A0E9BD20891F4F00C5ACF0 /* test.cpp */,
			);
			path = 3B2;
			sourceTree = "<group>";
		};
		C6E8A0EB2088600B0095DFF3 /* Frameworks */ = {
			isa = PBXGroup;
			children = (
				C6E8A10A20886E500095DFF3 /* GLKit.framework */,
				C6E8A10820886E450095DFF3 /* GLUT.framework */,
				C6E8A10620886E3C0095DFF3 /* IOKit.framework */,
				C6E8A0F0208860330095DFF3 /* libglfw.3.2.dylib */,
				C6E8A0EE208860280095DFF3 /* libGLEW.2.1.0.dylib */,
				C6E8A0EC2088600B0095DFF3 /* OpenGL.framework */,
			);
			name = Frameworks;
			sourceTree = "<group>";
		};
/* End PBXGroup section */

/* Begin PBXNativeTarget section */
		C6E8A0E020885F970095DFF3 /* 3B2 */ = {
			isa = PBXNativeTarget;
			buildConfigurationList = C6E8A0E820885F970095DFF3 /* Build configuration list for PBXNativeTarget "3B2" */;
			buildPhases = (
				C6E8A0DD20885F970095DFF3 /* Sources */,
				C6E8A0DE20885F970095DFF3 /* Frameworks */,
				C6E8A0DF20885F970095DFF3 /* CopyFiles */,
			);
			buildRules = (
			);
			dependencies = (
			);
			name = 3B2;
			productName = 3B2;
			productReference = C6E8A0E120885F970095DFF3 /* 3B2 */;
			productType = "com.apple.product-type.tool";
		};
/* End PBXNativeTarget section */

/* Begin PBXProject section */
		C6E8A0D920885F970095DFF3 /* Project object */ = {
			isa = PBXProject;
			attributes = {
				LastUpgradeCheck = 0920;
				ORGANIZATIONNAME = "Han Song";
				TargetAttributes = {
					C6E8A0E020885F970095DFF3 = {
						CreatedOnToolsVersion = 9.2;
						ProvisioningStyle = Automatic;
					};
				};
			};
			buildConfigurationList = C6E8A0DC20885F970095DFF3 /* Build configuration list for PBXProject "3B2" */;
			compatibilityVersion = "Xcode 8.0";
			developmentRegion = en;
			hasScannedForEncodings = 0;
			knownRegions = (
				en,
			);
			mainGroup = C6E8A0D820885F970095DFF3;
			productRefGroup = C6E8A0E220885F970095DFF3 /* Products */;
			projectDirPath = "";
			projectRoot = "";
			targets = (
				C6E8A0E020885F970095DFF3 /* 3B2 */,
			);
		};
/* End PBXProject section */

/* Begin PBXSourcesBuildPhase section */
		C6E8A0DD20885F970095DFF3 /* Sources */ = {
			isa = PBXSourcesBuildPhase;
			buildActionMask = 2147483647;
			files = (
				C6E8A1152088729E0095DFF3 /* initShader.cpp in Sources */,
				C6E8A0E520885F970095DFF3 /* main.cpp in Sources */,
				C6A0E9BE20891F4F00C5ACF0 /* test.cpp in Sources */,
			);
			runOnlyForDeploymentPostprocessing = 0;
		};
/* End PBXSourcesBuildPhase section */

/* Begin XCBuildConfiguration section */
		C6E8A0E620885F970095DFF3 /* Debug */ = {
			isa = XCBuildConfiguration;
			buildSettings = {
				ALWAYS_SEARCH_USER_PATHS = NO;
				CLANG_ANALYZER_NONNULL = YES;
				CLANG_ANALYZER_NUMBER_OBJECT_CONVERSION = YES_AGGRESSIVE;
				CLANG_CXX_LANGUAGE_STANDARD = "gnu++14";
				CLANG_CXX_LIBRARY = "libc++";
				CLANG_ENABLE_MODULES = YES;
				CLANG_ENABLE_OBJC_ARC = YES;
				CLANG_WARN_BLOCK_CAPTURE_AUTORELEASING = YES;
				CLANG_WARN_BOOL_CONVERSION = YES;
				CLANG_WARN_COMMA = YES;
				CLANG_WARN_CONSTANT_CONVERSION = YES;
				CLANG_WARN_DIRECT_OBJC_ISA_USAGE = YES_ERROR;
				CLANG_WARN_DOCUMENTATION_COMMENTS = YES;
				CLANG_WARN_EMPTY_BODY = YES;
				CLANG_WARN_ENUM_CONVERSION = YES;
				CLANG_WARN_INFINITE_RECURSION = YES;
				CLANG_WARN_INT_CONVERSION = YES;
				CLANG_WARN_NON_LITERAL_NULL_CONVERSION = YES;
				CLANG_WARN_OBJC_LITERAL_CONVERSION = YES;
				CLANG_WARN_OBJC_ROOT_CLASS = YES_ERROR;
				CLANG_WARN_RANGE_LOOP_ANALYSIS = YES;
				CLANG_WARN_STRICT_PROTOTYPES = YES;
				CLANG_WARN_SUSPICIOUS_MOVE = YES;
				CLANG_WARN_UNGUARDED_AVAILABILITY = YES_AGGRESSIVE;
				CLANG_WARN_UNREACHABLE_CODE = YES;
				CLANG_WARN__DUPLICATE_METHOD_MATCH = YES;
				CODE_SIGN_IDENTITY = "Mac Developer";
				COPY_PHASE_STRIP = NO;
				DEBUG_INFORMATION_FORMAT = dwarf;
				ENABLE_STRICT_OBJC_MSGSEND = YES;
				ENABLE_TESTABILITY = YES;
				GCC_C_LANGUAGE_STANDARD = gnu11;
				GCC_DYNAMIC_NO_PIC = NO;
				GCC_NO_COMMON_BLOCKS = YES;
				GCC_OPTIMIZATION_LEVEL = 0;
				GCC_PREPROCESSOR_DEFINITIONS = (
					"DEBUG=1",
					"$(inherited)",
				);
				GCC_WARN_64_TO_32_BIT_CONVERSION = YES;
				GCC_WARN_ABOUT_RETURN_TYPE = YES_ERROR;
				GCC_WARN_UNDECLARED_SELECTOR = YES;
				GCC_WARN_UNINITIALIZED_AUTOS = YES_AGGRESSIVE;
				GCC_WARN_UNUSED_FUNCTION = YES;
				GCC_WARN_UNUSED_VARIABLE = YES;
				MACOSX_DEPLOYMENT_TARGET = 10.13;
				MTL_ENABLE_DEBUG_INFO = YES;
				ONLY_ACTIVE_ARCH = YES;
				SDKROOT = macosx;
			};
			name = Debug;
		};
		C6E8A0E720885F970095DFF3 /* Release */ = {
			isa = XCBuildConfiguration;
			buildSettings = {
				ALWAYS_SEARCH_USER_PATHS = NO;
				CLANG_ANALYZER_NONNULL = YES;
				CLANG_ANALYZER_NUMBER_OBJECT_CONVERSION = YES_AGGRESSIVE;
				CLANG_CXX_LANGUAGE_STANDARD = "gnu++14";
				CLANG_CXX_LIBRARY = "libc++";
				CLANG_ENABLE_MODULES = YES;
				CLANG_ENABLE_OBJC_ARC = YES;
				CLANG_WARN_BLOCK_CAPTURE_AUTORELEASING = YES;
				CLANG_WARN_BOOL_CONVERSION = YES;
				CLANG_WARN_COMMA = YES;
				CLANG_WARN_CONSTANT_CONVERSION = YES;
				CLANG_WARN_DIRECT_OBJC_ISA_USAGE = YES_ERROR;
				CLANG_WARN_DOCUMENTATION_COMMENTS = YES;
				CLANG_WARN_EMPTY_BODY = YES;
				CLANG_WARN_ENUM_CONVERSION = YES;
				CLANG_WARN_INFINITE_RECURSION = YES;
				CLANG_WARN_INT_CONVERSION = YES;
				CLANG_WARN_NON_LITERAL_NULL_CONVERSION = YES;
				CLANG_WARN_OBJC_LITERAL_CONVERSION = YES;
				CLANG_WARN_OBJC_ROOT_CLASS = YES_ERROR;
				CLANG_WARN_RANGE_LOOP_ANALYSIS = YES;
				CLANG_WARN_STRICT_PROTOTYPES = YES;
				CLANG_WARN_SUSPICIOUS_MOVE = YES;
				CLANG_WARN_UNGUARDED_AVAILABILITY = YES_AGGRESSIVE;
				CLANG_WARN_UNREACHABLE_CODE = YES;
				CLANG_WARN__DUPLICATE_METHOD_MATCH = YES;
				CODE_SIGN_IDENTITY = "Mac Developer";
				COPY_PHASE_STRIP = NO;
				DEBUG_INFORMATION_FORMAT = "dwarf-with-dsym";
				ENABLE_NS_ASSERTIONS = NO;
				ENABLE_STRICT_OBJC_MSGSEND = YES;
				GCC_C_LANGUAGE_STANDARD = gnu11;
				GCC_NO_COMMON_BLOCKS = YES;
				GCC_WARN_64_TO_32_BIT_CONVERSION = YES;
				GCC_WARN_ABOUT_RETURN_TYPE = YES_ERROR;
				GCC_WARN_UNDECLARED_SELECTOR = YES;
				GCC_WARN_UNINITIALIZED_AUTOS = YES_AGGRESSIVE;
				GCC_WARN_UNUSED_FUNCTION = YES;
				GCC_WARN_UNUSED_VARIABLE = YES;
				MACOSX_DEPLOYMENT_TARGET = 10.13;
				MTL_ENABLE_DEBUG_INFO = NO;
				SDKROOT = macosx;
			};
			name = Release;
		};
		C6E8A0E920885F970095DFF3 /* Debug */ = {
			isa = XCBuildConfiguration;
			buildSettings = {
				CODE_SIGN_STYLE = Automatic;
				DEVELOPMENT_TEAM = H6UZ2K9CDD;
				"HEADER_SEARCH_PATHS[arch=*]" = /usr/local/include;
				LIBRARY_SEARCH_PATHS = (
					"$(inherited)",
					/usr/local/Cellar/glew/2.1.0/lib,
					/usr/local/Cellar/glfw/3.2.1/lib,
				);
				PRODUCT_NAME = "$(TARGET_NAME)";
			};
			name = Debug;
		};
		C6E8A0EA20885F970095DFF3 /* Release */ = {
			isa = XCBuildConfiguration;
			buildSettings = {
				CODE_SIGN_STYLE = Automatic;
				DEVELOPMENT_TEAM = H6UZ2K9CDD;
				LIBRARY_SEARCH_PATHS = (
					"$(inherited)",
					/usr/local/Cellar/glew/2.1.0/lib,
					/usr/local/Cellar/glfw/3.2.1/lib,
				);
				PRODUCT_NAME = "$(TARGET_NAME)";
			};
			name = Release;
		};
/* End XCBuildConfiguration section */

/* Begin XCConfigurationList section */
		C6E8A0DC20885F970095DFF3 /* Build configuration list for PBXProject "3B2" */ = {
			isa = XCConfigurationList;
			buildConfigurations = (
				C6E8A0E620885F970095DFF3 /* Debug */,
				C6E8A0E720885F970095DFF3 /* Release */,
			);
			defaultConfigurationIsVisible = 0;
			defaultConfigurationName = Release;
		};
		C6E8A0E820885F970095DFF3 /* Build configuration list for PBXNativeTarget "3B2" */ = {
			isa = XCConfigurationList;
			buildConfigurations = (
				C6E8A0E920885F970095DFF3 /* Debug */,
				C6E8A0EA20885F970095DFF3 /* Release */,
			);
			defaultConfigurationIsVisible = 0;
			defaultConfigurationName = Release;
		};
/* End XCConfigurationList section */
	};
	rootObject = C6E8A0D920885F970095DFF3 /* Project object */;
}
